// !$*UTF8*$!
{
	archiveVersion = 1;
	classes = {
	};
	objectVersion = 46;
	objects = {

/* Begin PBXBuildFile section */
		AE7F60FB1DE2817A005F1C7F /* AppDelegate.swift in Sources */ = {isa = PBXBuildFile; fileRef = AE7F60FA1DE2817A005F1C7F /* AppDelegate.swift */; };
		AE7F60FD1DE2817A005F1C7F /* ViewController.swift in Sources */ = {isa = PBXBuildFile; fileRef = AE7F60FC1DE2817A005F1C7F /* ViewController.swift */; };
		AE7F61001DE2817A005F1C7F /* Main.storyboard in Resources */ = {isa = PBXBuildFile; fileRef = AE7F60FE1DE2817A005F1C7F /* Main.storyboard */; };
		AE7F61021DE2817A005F1C7F /* Assets.xcassets in Resources */ = {isa = PBXBuildFile; fileRef = AE7F61011DE2817A005F1C7F /* Assets.xcassets */; };
		AE7F61051DE2817A005F1C7F /* LaunchScreen.storyboard in Resources */ = {isa = PBXBuildFile; fileRef = AE7F61031DE2817A005F1C7F /* LaunchScreen.storyboard */; };
/* End PBXBuildFile section */

/* Begin PBXFileReference section */
		AE7F60F71DE2817A005F1C7F /* GitHubTtest.app */ = {isa = PBXFileReference; explicitFileType = wrapper.application; includeInIndex = 0; path = GitHubTtest.app; sourceTree = BUILT_PRODUCTS_DIR; };
		AE7F60FA1DE2817A005F1C7F /* AppDelegate.swift */ = {isa = PBXFileReference; lastKnownFileType = sourcecode.swift; path = AppDelegate.swift; sourceTree = "<group>"; };
		AE7F60FC1DE2817A005F1C7F /* ViewController.swift */ = {isa = PBXFileReference; lastKnownFileType = sourcecode.swift; path = ViewController.swift; sourceTree = "<group>"; };
		AE7F60FF1DE2817A005F1C7F /* Base */ = {isa = PBXFileReference; lastKnownFileType = file.storyboard; name = Base; path = Base.lproj/Main.storyboard; sourceTree = "<group>"; };
		AE7F61011DE2817A005F1C7F /* Assets.xcassets */ = {isa = PBXFileReference; lastKnownFileType = folder.assetcatalog; path = Assets.xcassets; sourceTree = "<group>"; };
		AE7F61041DE2817A005F1C7F /* Base */ = {isa = PBXFileReference; lastKnownFileType = file.storyboard; name = Base; path = Base.lproj/LaunchScreen.storyboard; sourceTree = "<group>"; };
		AE7F61061DE2817A005F1C7F /* Info.plist */ = {isa = PBXFileReference; lastKnownFileType = text.plist.xml; path = Info.plist; sourceTree = "<group>"; };
/* End PBXFileReference section */

/* Begin PBXFrameworksBuildPhase section */
		AE7F60F41DE2817A005F1C7F /* Frameworks */ = {
			isa = PBXFrameworksBuildPhase;
			buildActionMask = 2147483647;
			files = (
			);
			runOnlyForDeploymentPostprocessing = 0;
		};
/* End PBXFrameworksBuildPhase section */

/* Begin PBXGroup section */
		AE7F60EE1DE2817A005F1C7F = {
			isa = PBXGroup;
			children = (
				AE7F60F91DE2817A005F1C7F /* GitHubTtest */,
				AE7F60F81DE2817A005F1C7F /* Products */,
			);
			sourceTree = "<group>";
		};
		AE7F60F81DE2817A005F1C7F /* Products */ = {
			isa = PBXGroup;
			children = (
				AE7F60F71DE2817A005F1C7F /* GitHubTtest.app */,
			);
			name = Products;
			sourceTree = "<group>";
		};
		AE7F60F91DE2817A005F1C7F /* GitHubTtest */ = {
			isa = PBXGroup;
			children = (
				AE7F60FA1DE2817A005F1C7F /* AppDelegate.swift */,
				AE7F60FC1DE2817A005F1C7F /* ViewController.swift */,
				AE7F60FE1DE2817A005F1C7F /* Main.storyboard */,
				AE7F61011DE2817A005F1C7F /* Assets.xcassets */,
				AE7F61031DE2817A005F1C7F /* LaunchScreen.storyboard */,
				AE7F61061DE2817A005F1C7F /* Info.plist */,
			);
			path = GitHubTtest;
			sourceTree = "<group>";
		};
/* End PBXGroup section */

/* Begin PBXNativeTarget section */
		AE7F60F61DE2817A005F1C7F /* GitHubTtest */ = {
			isa = PBXNativeTarget;
			buildConfigurationList = AE7F61091DE2817A005F1C7F /* Build configuration list for PBXNativeTarget "GitHubTtest" */;
			buildPhases = (
				AE7F60F31DE2817A005F1C7F /* Sources */,
				AE7F60F41DE2817A005F1C7F /* Frameworks */,
				AE7F60F51DE2817A005F1C7F /* Resources */,
			);
			buildRules = (
			);
			dependencies = (
			);
			name = GitHubTtest;
			productName = GitHubTtest;
			productReference = AE7F60F71DE2817A005F1C7F /* GitHubTtest.app */;
			productType = "com.apple.product-type.application";
		};
/* End PBXNativeTarget section */

/* Begin PBXProject section */
		AE7F60EF1DE2817A005F1C7F /* Project object */ = {
			isa = PBXProject;
			attributes = {
				LastSwiftUpdateCheck = 0730;
				LastUpgradeCheck = 0730;
				ORGANIZATIONNAME = DevStuff;
				TargetAttributes = {
					AE7F60F61DE2817A005F1C7F = {
						CreatedOnToolsVersion = 7.3.1;
					};
				};
			};
			buildConfigurationList = AE7F60F21DE2817A005F1C7F /* Build configuration list for PBXProject "GitHubTtest" */;
			compatibilityVersion = "Xcode 3.2";
			developmentRegion = English;
			hasScannedForEncodings = 0;
			knownRegions = (
				en,
				Base,
			);
			mainGroup = AE7F60EE1DE2817A005F1C7F;
			productRefGroup = AE7F60F81DE2817A005F1C7F /* Products */;
			projectDirPath = "";
			projectRoot = "";
			targets = (
				AE7F60F61DE2817A005F1C7F /* GitHubTtest */,
			);
		};
/* End PBXProject section */

/* Begin PBXResourcesBuildPhase section */
		AE7F60F51DE2817A005F1C7F /* Resources */ = {
			isa = PBXResourcesBuildPhase;
			buildActionMask = 2147483647;
			files = (
				AE7F61051DE2817A005F1C7F /* LaunchScreen.storyboard in Resources */,
				AE7F61021DE2817A005F1C7F /* Assets.xcassets in Resources */,
				AE7F61001DE2817A005F1C7F /* Main.storyboard in Resources */,
			);
			runOnlyForDeploymentPostprocessing = 0;
		};
/* End PBXResourcesBuildPhase section */

/* Begin PBXSourcesBuildPhase section */
		AE7F60F31DE2817A005F1C7F /* Sources */ = {
			isa = PBXSourcesBuildPhase;
			buildActionMask = 2147483647;
			files = (
				AE7F60FD1DE2817A005F1C7F /* ViewController.swift in Sources */,
				AE7F60FB1DE2817A005F1C7F /* AppDelegate.swift in Sources */,
			);
			runOnlyForDeploymentPostprocessing = 0;
		};
/* End PBXSourcesBuildPhase section */

/* Begin PBXVariantGroup section */
		AE7F60FE1DE2817A005F1C7F /* Main.storyboard */ = {
			isa = PBXVariantGroup;
			children = (
				AE7F60FF1DE2817A005F1C7F /* Base */,
			);
			name = Main.storyboard;
			sourceTree = "<group>";
		};
		AE7F61031DE2817A005F1C7F /* LaunchScreen.storyboard */ = {
			isa = PBXVariantGroup;
			children = (
				AE7F61041DE2817A005F1C7F /* Base */,
			);
			name = LaunchScreen.storyboard;
			sourceTree = "<group>";
		};
/* End PBXVariantGroup section */

/* Begin XCBuildConfiguration section */
		AE7F61071DE2817A005F1C7F /* Debug */ = {
			isa = XCBuildConfiguration;
			buildSettings = {
				ALWAYS_SEARCH_USER_PATHS = NO;
				CLANG_ANALYZER_NONNULL = YES;
				CLANG_CXX_LANGUAGE_STANDARD = "gnu++0x";
				CLANG_CXX_LIBRARY = "libc++";
				CLANG_ENABLE_MODULES = YES;
				CLANG_ENABLE_OBJC_ARC = YES;
				CLANG_WARN_BOOL_CONVERSION = YES;
				CLANG_WARN_CONSTANT_CONVERSION = YES;
				CLANG_WARN_DIRECT_OBJC_ISA_USAGE = YES_ERROR;
				CLANG_WARN_EMPTY_BODY = YES;
				CLANG_WARN_ENUM_CONVERSION = YES;
				CLANG_WARN_INT_CONVERSION = YES;
				CLANG_WARN_OBJC_ROOT_CLASS = YES_ERROR;
				CLANG_WARN_UNREACHABLE_CODE = YES;
				CLANG_WARN__DUPLICATE_METHOD_MATCH = YES;
				"CODE_SIGN_IDENTITY[sdk=iphoneos*]" = "iPhone Developer";
				COPY_PHASE_STRIP = NO;
				DEBUG_INFORMATION_FORMAT = dwarf;
				ENABLE_STRICT_OBJC_MSGSEND = YES;
				ENABLE_TESTABILITY = YES;
				GCC_C_LANGUAGE_STANDARD = gnu99;
				GCC_DYNAMIC_NO_PIC = NO;
				GCC_NO_COMMON_BLOCKS = YES;
				GCC_OPTIMIZATION_LEVEL = 0;
				GCC_PREPROCESSOR_DEFINITIONS = (
					"DEBUG=1",
					"$(inherited)",
				);
				GCC_WARN_64_TO_32_BIT_CONVERSION = YES;
				GCC_WARN_ABOUT_RETURN_TYPE = YES_ERROR;
				GCC_WARN_UNDECLARED_SELECTOR = YES;
				GCC_WARN_UNINITIALIZED_AUTOS = YES_AGGRESSIVE;
				GCC_WARN_UNUSED_FUNCTION = YES;
				GCC_WARN_UNUSED_VARIABLE = YES;
				IPHONEOS_DEPLOYMENT_TARGET = 9.3;
				MTL_ENABLE_DEBUG_INFO = YES;
				ONLY_ACTIVE_ARCH = YES;
				SDKROOT = iphoneos;
				SWIFT_OPTIMIZATION_LEVEL = "-Onone";
				TARGETED_DEVICE_FAMILY = "1,2";
			};
			name = Debug;
		};
		AE7F61081DE2817A005F1C7F /* Release */ = {
			isa = XCBuildConfiguration;
			buildSettings = {
				ALWAYS_SEARCH_USER_PATHS = NO;
				CLANG_ANALYZER_NONNULL = YES;
				CLANG_CXX_LANGUAGE_STANDARD = "gnu++0x";
				CLANG_CXX_LIBRARY = "libc++";
				CLANG_ENABLE_MODULES = YES;
				CLANG_ENABLE_OBJC_ARC = YES;
				CLANG_WARN_BOOL_CONVERSION = YES;
				CLANG_WARN_CONSTANT_CONVERSION = YES;
				CLANG_WARN_DIRECT_OBJC_ISA_USAGE = YES_ERROR;
				CLANG_WARN_EMPTY_BODY = YES;
				CLANG_WARN_ENUM_CONVERSION = YES;
				CLANG_WARN_INT_CONVERSION = YES;
				CLANG_WARN_OBJC_ROOT_CLASS = YES_ERROR;
				CLANG_WARN_UNREACHABLE_CODE = YES;
				CLANG_WARN__DUPLICATE_METHOD_MATCH = YES;
				"CODE_SIGN_IDENTITY[sdk=iphoneos*]" = "iPhone Developer";
				COPY_PHASE_STRIP = NO;
				DEBUG_INFORMATION_FORMAT = "dwarf-with-dsym";
				ENABLE_NS_ASSERTIONS = NO;
				ENABLE_STRICT_OBJC_MSGSEND = YES;
				GCC_C_LANGUAGE_STANDARD = gnu99;
				GCC_NO_COMMON_BLOCKS = YES;
				GCC_WARN_64_TO_32_BIT_CONVERSION = YES;
				GCC_WARN_ABOUT_RETURN_TYPE = YES_ERROR;
				GCC_WARN_UNDECLARED_SELECTOR = YES;
				GCC_WARN_UNINITIALIZED_AUTOS = YES_AGGRESSIVE;
				GCC_WARN_UNUSED_FUNCTION = YES;
				GCC_WARN_UNUSED_VARIABLE = YES;
				IPHONEOS_DEPLOYMENT_TARGET = 9.3;
				MTL_ENABLE_DEBUG_INFO = NO;
				SDKROOT = iphoneos;
				TARGETED_DEVICE_FAMILY = "1,2";
				VALIDATE_PRODUCT = YES;
			};
			name = Release;
		};
		AE7F610A1DE2817A005F1C7F /* Debug */ = {
			isa = XCBuildConfiguration;
			buildSettings = {
				ASSETCATALOG_COMPILER_APPICON_NAME = AppIcon;
				INFOPLIST_FILE = GitHubTtest/Info.plist;
				LD_RUNPATH_SEARCH_PATHS = "$(inherited) @executable_path/Frameworks";
				PRODUCT_BUNDLE_IDENTIFIER = self.edu.GitHubTtest;
				PRODUCT_NAME = "$(TARGET_NAME)";
			};
			name = Debug;
		};
		AE7F610B1DE2817A005F1C7F /* Release */ = {
			isa = XCBuildConfiguration;
			buildSettings = {
				ASSETCATALOG_COMPILER_APPICON_NAME = AppIcon;
				INFOPLIST_FILE = GitHubTtest/Info.plist;
				LD_RUNPATH_SEARCH_PATHS = "$(inherited) @executable_path/Frameworks";
				PRODUCT_BUNDLE_IDENTIFIER = self.edu.GitHubTtest;
				PRODUCT_NAME = "$(TARGET_NAME)";
			};
			name = Release;
		};
/* End XCBuildConfiguration section */

/* Begin XCConfigurationList section */
		AE7F60F21DE2817A005F1C7F /* Build configuration list for PBXProject "GitHubTtest" */ = {
			isa = XCConfigurationList;
			buildConfigurations = (
				AE7F61071DE2817A005F1C7F /* Debug */,
				AE7F61081DE2817A005F1C7F /* Release */,
			);
			defaultConfigurationIsVisible = 0;
			defaultConfigurationName = Release;
		};
		AE7F61091DE2817A005F1C7F /* Build configuration list for PBXNativeTarget "GitHubTtest" */ = {
			isa = XCConfigurationList;
			buildConfigurations = (
				AE7F610A1DE2817A005F1C7F /* Debug */,
				AE7F610B1DE2817A005F1C7F /* Release */,
			);
			defaultConfigurationIsVisible = 0;
		};
/* End XCConfigurationList section */
	};
	rootObject = AE7F60EF1DE2817A005F1C7F /* Project object */;
}
